
Microsoft Visual Studio Solution File, Format Version 12.00
# Visual Studio Version 16
VisualStudioVersion = 16.0.29318.209
MinimumVisualStudioVersion = 10.0.40219.1
Project("{9A19103F-16F7-4668-BE54-9A1E7A4F7556}") = "OneSTools.TechLog", "OneSTools.TechLog\OneSTools.TechLog.csproj", "{BC6E4DCE-2722-4E6F-BCBC-8945DE1127DD}"
EndProject
Project("{FAE04EC0-301F-11D3-BF4B-00C04F79EFBC}") = "OneSTools.TechLogTestApp", "OneSTools.TechLogTestApp\OneSTools.TechLogTestApp.csproj", "{E0AF3F33-EB90-4AD9-939E-63DFBA55202F}"
EndProject
Global
	GlobalSection(SolutionConfigurationPlatforms) = preSolution
		Debug|Any CPU = Debug|Any CPU
		Release|Any CPU = Release|Any CPU
	EndGlobalSection
	GlobalSection(ProjectConfigurationPlatforms) = postSolution
		{BC6E4DCE-2722-4E6F-BCBC-8945DE1127DD}.Debug|Any CPU.ActiveCfg = Debug|Any CPU
		{BC6E4DCE-2722-4E6F-BCBC-8945DE1127DD}.Debug|Any CPU.Build.0 = Debug|Any CPU
		{BC6E4DCE-2722-4E6F-BCBC-8945DE1127DD}.Release|Any CPU.ActiveCfg = Release|Any CPU
		{BC6E4DCE-2722-4E6F-BCBC-8945DE1127DD}.Release|Any CPU.Build.0 = Release|Any CPU
		{E0AF3F33-EB90-4AD9-939E-63DFBA55202F}.Debug|Any CPU.ActiveCfg = Debug|Any CPU
		{E0AF3F33-EB90-4AD9-939E-63DFBA55202F}.Debug|Any CPU.Build.0 = Debug|Any CPU
		{E0AF3F33-EB90-4AD9-939E-63DFBA55202F}.Release|Any CPU.ActiveCfg = Release|Any CPU
		{E0AF3F33-EB90-4AD9-939E-63DFBA55202F}.Release|Any CPU.Build.0 = Release|Any CPU
	EndGlobalSection
	GlobalSection(SolutionProperties) = preSolution
		HideSolutionNode = FALSE
	EndGlobalSection
	GlobalSection(ExtensibilityGlobals) = postSolution
		SolutionGuid = {C6424545-BAD6-4AB9-9CEE-58A0157EF357}
	EndGlobalSection
EndGlobal
